# This file is generated by running "yarn install" inside your project.
# Manual changes might be lost - proceed with caution!

__metadata:
  version: 4
  cacheKey: 7

"braces@npm:^3.0.1":
  version: 3.0.2
  resolution: "braces@npm:3.0.2"
  dependencies:
    fill-range: ^7.0.1
  checksum: f3493181c3e91a1333d3c9afc9b3263a3f62f4ced0b033c372efc1373b48a7699557f4e04026b232a8556e043ca5360a9d3008c33852350138d4b0ea57558b8d
  languageName: node
  linkType: hard

"debug@npm:^4.3.1":
  version: 4.3.2
  resolution: "debug@npm:4.3.2"
  dependencies:
    ms: 2.1.2
  peerDependenciesMeta:
    supports-color:
      optional: true
  checksum: 5543570879e2274f6725d4285a034d6e0822d35faefc6f55965933fb440e8c21eb3a0bef934e66f4b6b491f898ee2de37cab980e9d4fd61372136c19d3ce4527
  languageName: node
  linkType: hard

"fill-range@npm:^7.0.1":
  version: 7.0.1
  resolution: "fill-range@npm:7.0.1"
  dependencies:
    to-regex-range: ^5.0.1
  checksum: efca43d59b487ad4bc0b2b1cb9e51617c75a7b0159db51fa190c75c3d634ea5fad1ff4750d7c14346add4cd065e3c46e8f99af333edf2b4ec2a424f87e491a85
  languageName: node
  linkType: hard

"is-number@npm:^7.0.0":
  version: 7.0.0
  resolution: "is-number@npm:7.0.0"
  checksum: eec6e506c6de472af4bdfd0cc477e8aeb76f0a7066c8680fcdfed5324ee31a7d2b59d22313007c58aa80eb937f0c40eefdceedb851997d46b490b49f87160369
  languageName: node
  linkType: hard

"micromatch@npm:^4.0.4":
  version: 4.0.4
  resolution: "micromatch@npm:4.0.4"
  dependencies:
    braces: ^3.0.1
    picomatch: ^2.2.3
  checksum: bc522ad93c086aa176f50fea2dc8060a8f7d7a621c811cf9ba02a1912577cc100190508166d721231465f10a575a40ec8a1bffc23bbc2c0108fcbf02e4be04ed
  languageName: node
  linkType: hard

"ms@npm:2.1.2":
  version: 2.1.2
  resolution: "ms@npm:2.1.2"
  checksum: 9b65fb709bc30c0c07289dcbdb61ca032acbb9ea5698b55fa62e2cebb04c5953f1876a1f3f7f4bc2e91d4bf4d86003f3e207c3bc6ee2f716f99827e62389cd0e
  languageName: node
  linkType: hard

"node_yarn_two@workspace:.":
  version: 0.0.0-use.local
  resolution: "node_yarn_two@workspace:."
  dependencies:
    debug: ^4.3.1
    micromatch: ^4.0.4
  languageName: unknown
  linkType: soft

"picomatch@npm:^2.2.3":
  version: 2.2.3
  resolution: "picomatch@npm:2.2.3"
  checksum: f8c9323bc3b21ff448e81dd32277135d781abae5d53a1415d69a4ce6317a2c11404d449c550110b8fa402c07d5e80ff0e2657f263a312517cc809e9010d25791
  languageName: node
  linkType: hard

"to-regex-range@npm:^5.0.1":
  version: 5.0.1
  resolution: "to-regex-range@npm:5.0.1"
  dependencies:
    is-number: ^7.0.0
  checksum: 2b6001e314e4998a07137c197e333fac2f86d46d0593da90b678ae64e2daa07274b508f83cca09e6b3504cdf222497dcb5b7daceb6dc13a9a8872f58a27db907
  languageName: node
  linkType: hard
